{
  "requires": true,
  "lockfileVersion": 1,
  "dependencies": {
    "@angular/animations": {
      "version": "4.0.2",
      "resolved": "https://registry.npmjs.org/@angular/animations/-/animations-4.0.2.tgz",
      "integrity": "sha1-efanfYtuGbLR/Z+hdfeBQ81olyc="
    },
    "@angular/material": {
      "version": "2.0.0-beta.3",
      "resolved": "https://registry.npmjs.org/@angular/material/-/material-2.0.0-beta.3.tgz",
      "integrity": "sha1-7DHe5h1zAOzij+5HaFLbI23tHhM="
    }
  }
}
